
Microsoft Visual Studio Solution File, Format Version 12.00
# Visual Studio Version 16
VisualStudioVersion = 16.0.30114.105
MinimumVisualStudioVersion = 10.0.40219.1
Project("{FAE04EC0-301F-11D3-BF4B-00C04F79EFBC}") = "lab1MT", "lab1MT\lab1MT.csproj", "{A744AFC6-C54D-4FE0-B232-47648B823399}"
EndProject
Global
	GlobalSection(SolutionConfigurationPlatforms) = preSolution
		Debug|Any CPU = Debug|Any CPU
		Release|Any CPU = Release|Any CPU
	EndGlobalSection
	GlobalSection(ProjectConfigurationPlatforms) = postSolution
		{A744AFC6-C54D-4FE0-B232-47648B823399}.Debug|Any CPU.ActiveCfg = Debug|Any CPU
		{A744AFC6-C54D-4FE0-B232-47648B823399}.Debug|Any CPU.Build.0 = Debug|Any CPU
		{A744AFC6-C54D-4FE0-B232-47648B823399}.Release|Any CPU.ActiveCfg = Release|Any CPU
		{A744AFC6-C54D-4FE0-B232-47648B823399}.Release|Any CPU.Build.0 = Release|Any CPU
	EndGlobalSection
	GlobalSection(SolutionProperties) = preSolution
		HideSolutionNode = FALSE
	EndGlobalSection
	GlobalSection(ExtensibilityGlobals) = postSolution
		SolutionGuid = {AB751472-080D-4503-B0BE-57B8436325A5}
	EndGlobalSection
EndGlobal
